
Microsoft Visual Studio Solution File, Format Version 12.00
# Visual Studio Version 17
VisualStudioVersion = 17.8.34330.188
MinimumVisualStudioVersion = 10.0.40219.1
Project("{FAE04EC0-301F-11D3-BF4B-00C04F79EFBC}") = "ProyectAdmin", "ProyectAdmin\ProyectAdmin.csproj", "{669DC709-89CD-4A3D-987E-BCC38C686801}"
EndProject
Project("{2150E333-8FDC-42A3-9474-1A3956D46DE8}") = "Interface Adapter", "Interface Adapter", "{19F2D129-9BF8-46B2-8236-8264C8173ADF}"
EndProject
Project("{2150E333-8FDC-42A3-9474-1A3956D46DE8}") = "Frameworks Drivers", "Frameworks Drivers", "{C066DB5A-61BD-467D-B25D-D4E6F6E1112A}"
EndProject
Project("{2150E333-8FDC-42A3-9474-1A3956D46DE8}") = "Enterprise Business Rules", "Enterprise Business Rules", "{41C13370-39B1-4B8B-84E1-A51F5523B518}"
EndProject
Project("{2150E333-8FDC-42A3-9474-1A3956D46DE8}") = "Application Business Rules", "Application Business Rules", "{F7460A9F-9E15-4A02-B393-57E8424CC847}"
EndProject
Global
	GlobalSection(SolutionConfigurationPlatforms) = preSolution
		Debug|Any CPU = Debug|Any CPU
		Release|Any CPU = Release|Any CPU
	EndGlobalSection
	GlobalSection(ProjectConfigurationPlatforms) = postSolution
		{669DC709-89CD-4A3D-987E-BCC38C686801}.Debug|Any CPU.ActiveCfg = Debug|Any CPU
		{669DC709-89CD-4A3D-987E-BCC38C686801}.Debug|Any CPU.Build.0 = Debug|Any CPU
		{669DC709-89CD-4A3D-987E-BCC38C686801}.Release|Any CPU.ActiveCfg = Release|Any CPU
		{669DC709-89CD-4A3D-987E-BCC38C686801}.Release|Any CPU.Build.0 = Release|Any CPU
	EndGlobalSection
	GlobalSection(SolutionProperties) = preSolution
		HideSolutionNode = FALSE
	EndGlobalSection
	GlobalSection(NestedProjects) = preSolution
		{669DC709-89CD-4A3D-987E-BCC38C686801} = {C066DB5A-61BD-467D-B25D-D4E6F6E1112A}
	EndGlobalSection
	GlobalSection(ExtensibilityGlobals) = postSolution
		SolutionGuid = {3384982D-469C-43A1-A623-873530604FB0}
	EndGlobalSection
EndGlobal
