
Microsoft Visual Studio Solution File, Format Version 12.00
# Visual Studio Version 17
VisualStudioVersion = 17.8.34408.163
MinimumVisualStudioVersion = 10.0.40219.1
Project("{9A19103F-16F7-4668-BE54-9A1E7A4F7556}") = "ProyectAdmin", "ProyectAdmin\ProyectAdmin.csproj", "{344B4886-EF20-4F89-A890-4E75C80DE1F9}"
EndProject
Project("{2150E333-8FDC-42A3-9474-1A3956D46DE8}") = "Application Business Rules", "Application Business Rules", "{159A75A0-2532-45F3-A749-C28E5E3A3C87}"
EndProject
Project("{2150E333-8FDC-42A3-9474-1A3956D46DE8}") = "Enterprise Business Rules", "Enterprise Business Rules", "{1F5DC12F-5F22-4E78-8B3D-F1A2801B052D}"
EndProject
Project("{2150E333-8FDC-42A3-9474-1A3956D46DE8}") = "Frameworks Drivers", "Frameworks Drivers", "{2AD4C148-B4E7-4515-966F-D6673B5D2C10}"
EndProject
Project("{2150E333-8FDC-42A3-9474-1A3956D46DE8}") = "Interface Adapter", "Interface Adapter", "{53F405CF-6302-4D55-8E97-BF020F15E355}"
EndProject
Project("{9A19103F-16F7-4668-BE54-9A1E7A4F7556}") = "ProyectAdmin.EN", "ProyectAdmin.EN\ProyectAdmin.EN.csproj", "{82B51F61-396E-47C2-BD95-72EF02BDC460}"
EndProject
Project("{FAE04EC0-301F-11D3-BF4B-00C04F79EFBC}") = "ProyectAdmin.EN.Interfaces", "ProyectAdmin.EN.Interfaces\ProyectAdmin.EN.Interfaces.csproj", "{6D4FAD2B-D3B9-4658-B79F-F8385969FEC1}"
EndProject
Project("{FAE04EC0-301F-11D3-BF4B-00C04F79EFBC}") = "ProyectAdmin.BL", "ProyectAdmin.BL\ProyectAdmin.BL.csproj", "{CCE6437C-2135-484A-8333-8E7F6BA21C1D}"
EndProject
Project("{FAE04EC0-301F-11D3-BF4B-00C04F79EFBC}") = "ProyectAdmin.BL.DTOs", "ProyectAdmin.BL.DTOs\ProyectAdmin.BL.DTOs.csproj", "{484C4A87-3763-4DFA-AF8A-E63B910C9097}"
EndProject
Project("{FAE04EC0-301F-11D3-BF4B-00C04F79EFBC}") = "ProyectAdmin.BL.Interfaces", "ProyectAdmin.BL.Interfaces\ProyectAdmin.BL.Interfaces.csproj", "{5F0749D5-12B7-4D05-9932-B8A1FD75C816}"
EndProject
Project("{FAE04EC0-301F-11D3-BF4B-00C04F79EFBC}") = "ProyectAdmin.DAL", "ProyectAdmin.DAL\ProyectAdmin.DAL.csproj", "{FFC6BC11-1177-49B6-A95C-92357E80536B}"
EndProject
Project("{FAE04EC0-301F-11D3-BF4B-00C04F79EFBC}") = "ProyectAdmin.IoC", "ProyectAdmin.IoC\ProyectAdmin.IoC.csproj", "{2DD20914-F4C0-4775-9CFB-F76FE41E604A}"
EndProject
Global
	GlobalSection(SolutionConfigurationPlatforms) = preSolution
		Debug|Any CPU = Debug|Any CPU
		Release|Any CPU = Release|Any CPU
	EndGlobalSection
	GlobalSection(ProjectConfigurationPlatforms) = postSolution
		{344B4886-EF20-4F89-A890-4E75C80DE1F9}.Debug|Any CPU.ActiveCfg = Debug|Any CPU
		{344B4886-EF20-4F89-A890-4E75C80DE1F9}.Debug|Any CPU.Build.0 = Debug|Any CPU
		{344B4886-EF20-4F89-A890-4E75C80DE1F9}.Release|Any CPU.ActiveCfg = Release|Any CPU
		{344B4886-EF20-4F89-A890-4E75C80DE1F9}.Release|Any CPU.Build.0 = Release|Any CPU
		{82B51F61-396E-47C2-BD95-72EF02BDC460}.Debug|Any CPU.ActiveCfg = Debug|Any CPU
		{82B51F61-396E-47C2-BD95-72EF02BDC460}.Debug|Any CPU.Build.0 = Debug|Any CPU
		{82B51F61-396E-47C2-BD95-72EF02BDC460}.Release|Any CPU.ActiveCfg = Release|Any CPU
		{82B51F61-396E-47C2-BD95-72EF02BDC460}.Release|Any CPU.Build.0 = Release|Any CPU
		{6D4FAD2B-D3B9-4658-B79F-F8385969FEC1}.Debug|Any CPU.ActiveCfg = Debug|Any CPU
		{6D4FAD2B-D3B9-4658-B79F-F8385969FEC1}.Debug|Any CPU.Build.0 = Debug|Any CPU
		{6D4FAD2B-D3B9-4658-B79F-F8385969FEC1}.Release|Any CPU.ActiveCfg = Release|Any CPU
		{6D4FAD2B-D3B9-4658-B79F-F8385969FEC1}.Release|Any CPU.Build.0 = Release|Any CPU
		{CCE6437C-2135-484A-8333-8E7F6BA21C1D}.Debug|Any CPU.ActiveCfg = Debug|Any CPU
		{CCE6437C-2135-484A-8333-8E7F6BA21C1D}.Debug|Any CPU.Build.0 = Debug|Any CPU
		{CCE6437C-2135-484A-8333-8E7F6BA21C1D}.Release|Any CPU.ActiveCfg = Release|Any CPU
		{CCE6437C-2135-484A-8333-8E7F6BA21C1D}.Release|Any CPU.Build.0 = Release|Any CPU
		{484C4A87-3763-4DFA-AF8A-E63B910C9097}.Debug|Any CPU.ActiveCfg = Debug|Any CPU
		{484C4A87-3763-4DFA-AF8A-E63B910C9097}.Debug|Any CPU.Build.0 = Debug|Any CPU
		{484C4A87-3763-4DFA-AF8A-E63B910C9097}.Release|Any CPU.ActiveCfg = Release|Any CPU
		{484C4A87-3763-4DFA-AF8A-E63B910C9097}.Release|Any CPU.Build.0 = Release|Any CPU
		{5F0749D5-12B7-4D05-9932-B8A1FD75C816}.Debug|Any CPU.ActiveCfg = Debug|Any CPU
		{5F0749D5-12B7-4D05-9932-B8A1FD75C816}.Debug|Any CPU.Build.0 = Debug|Any CPU
		{5F0749D5-12B7-4D05-9932-B8A1FD75C816}.Release|Any CPU.ActiveCfg = Release|Any CPU
		{5F0749D5-12B7-4D05-9932-B8A1FD75C816}.Release|Any CPU.Build.0 = Release|Any CPU
		{FFC6BC11-1177-49B6-A95C-92357E80536B}.Debug|Any CPU.ActiveCfg = Debug|Any CPU
		{FFC6BC11-1177-49B6-A95C-92357E80536B}.Debug|Any CPU.Build.0 = Debug|Any CPU
		{FFC6BC11-1177-49B6-A95C-92357E80536B}.Release|Any CPU.ActiveCfg = Release|Any CPU
		{FFC6BC11-1177-49B6-A95C-92357E80536B}.Release|Any CPU.Build.0 = Release|Any CPU
		{2DD20914-F4C0-4775-9CFB-F76FE41E604A}.Debug|Any CPU.ActiveCfg = Debug|Any CPU
		{2DD20914-F4C0-4775-9CFB-F76FE41E604A}.Debug|Any CPU.Build.0 = Debug|Any CPU
		{2DD20914-F4C0-4775-9CFB-F76FE41E604A}.Release|Any CPU.ActiveCfg = Release|Any CPU
		{2DD20914-F4C0-4775-9CFB-F76FE41E604A}.Release|Any CPU.Build.0 = Release|Any CPU
	EndGlobalSection
	GlobalSection(SolutionProperties) = preSolution
		HideSolutionNode = FALSE
	EndGlobalSection
	GlobalSection(NestedProjects) = preSolution
		{344B4886-EF20-4F89-A890-4E75C80DE1F9} = {2AD4C148-B4E7-4515-966F-D6673B5D2C10}
		{82B51F61-396E-47C2-BD95-72EF02BDC460} = {1F5DC12F-5F22-4E78-8B3D-F1A2801B052D}
		{6D4FAD2B-D3B9-4658-B79F-F8385969FEC1} = {1F5DC12F-5F22-4E78-8B3D-F1A2801B052D}
		{CCE6437C-2135-484A-8333-8E7F6BA21C1D} = {159A75A0-2532-45F3-A749-C28E5E3A3C87}
		{484C4A87-3763-4DFA-AF8A-E63B910C9097} = {159A75A0-2532-45F3-A749-C28E5E3A3C87}
		{5F0749D5-12B7-4D05-9932-B8A1FD75C816} = {159A75A0-2532-45F3-A749-C28E5E3A3C87}
		{FFC6BC11-1177-49B6-A95C-92357E80536B} = {53F405CF-6302-4D55-8E97-BF020F15E355}
		{2DD20914-F4C0-4775-9CFB-F76FE41E604A} = {53F405CF-6302-4D55-8E97-BF020F15E355}
	EndGlobalSection
	GlobalSection(ExtensibilityGlobals) = postSolution
		SolutionGuid = {E9A3F474-8B0F-4591-82BC-ED7728961E50}
	EndGlobalSection
EndGlobal
